// !$*UTF8*$!
{
	archiveVersion = 1;
	classes = {
	};
	objectVersion = 50;
	objects = {

/* Begin PBXBuildFile section */
		DC2C0BCF23B4B0BB0008AA12 /* AppDelegate.swift in Sources */ = {isa = PBXBuildFile; fileRef = DC2C0BCE23B4B0BB0008AA12 /* AppDelegate.swift */; };
		DC2C0BD123B4B0BB0008AA12 /* SceneDelegate.swift in Sources */ = {isa = PBXBuildFile; fileRef = DC2C0BD023B4B0BB0008AA12 /* SceneDelegate.swift */; };
		DC2C0BD323B4B0BB0008AA12 /* MealViewController.swift in Sources */ = {isa = PBXBuildFile; fileRef = DC2C0BD223B4B0BB0008AA12 /* MealViewController.swift */; };
		DC2C0BD623B4B0BB0008AA12 /* Main.storyboard in Resources */ = {isa = PBXBuildFile; fileRef = DC2C0BD423B4B0BB0008AA12 /* Main.storyboard */; };
		DC2C0BD823B4B0BD0008AA12 /* Assets.xcassets in Resources */ = {isa = PBXBuildFile; fileRef = DC2C0BD723B4B0BD0008AA12 /* Assets.xcassets */; };
		DC2C0BDB23B4B0BD0008AA12 /* LaunchScreen.storyboard in Resources */ = {isa = PBXBuildFile; fileRef = DC2C0BD923B4B0BD0008AA12 /* LaunchScreen.storyboard */; };
		DC2C0BE623B4B0BD0008AA12 /* FakeYelpTests.swift in Sources */ = {isa = PBXBuildFile; fileRef = DC2C0BE523B4B0BD0008AA12 /* FakeYelpTests.swift */; };
		DCA1B22E23B7615F00C2E065 /* RatingControl.swift in Sources */ = {isa = PBXBuildFile; fileRef = DCA1B22D23B7615F00C2E065 /* RatingControl.swift */; };
		DCD5B0BE23B846CC00A89806 /* Meal.swift in Sources */ = {isa = PBXBuildFile; fileRef = DCD5B0BD23B846CC00A89806 /* Meal.swift */; };
		DCD5B0C023B89D3B00A89806 /* MealTableViewCell.swift in Sources */ = {isa = PBXBuildFile; fileRef = DCD5B0BF23B89D3B00A89806 /* MealTableViewCell.swift */; };
		DCD5B0C223B8A24A00A89806 /* MealTableViewController.swift in Sources */ = {isa = PBXBuildFile; fileRef = DCD5B0C123B8A24A00A89806 /* MealTableViewController.swift */; };
/* End PBXBuildFile section */

/* Begin PBXContainerItemProxy section */
		DC2C0BE223B4B0BD0008AA12 /* PBXContainerItemProxy */ = {
			isa = PBXContainerItemProxy;
			containerPortal = DC2C0BC323B4B0BB0008AA12 /* Project object */;
			proxyType = 1;
			remoteGlobalIDString = DC2C0BCA23B4B0BB0008AA12;
			remoteInfo = FakeYelp;
		};
/* End PBXContainerItemProxy section */

/* Begin PBXFileReference section */
		DC2C0BCB23B4B0BB0008AA12 /* FakeYelp.app */ = {isa = PBXFileReference; explicitFileType = wrapper.application; includeInIndex = 0; path = FakeYelp.app; sourceTree = BUILT_PRODUCTS_DIR; };
		DC2C0BCE23B4B0BB0008AA12 /* AppDelegate.swift */ = {isa = PBXFileReference; lastKnownFileType = sourcecode.swift; path = AppDelegate.swift; sourceTree = "<group>"; };
		DC2C0BD023B4B0BB0008AA12 /* SceneDelegate.swift */ = {isa = PBXFileReference; lastKnownFileType = sourcecode.swift; path = SceneDelegate.swift; sourceTree = "<group>"; };
		DC2C0BD223B4B0BB0008AA12 /* MealViewController.swift */ = {isa = PBXFileReference; lastKnownFileType = sourcecode.swift; path = MealViewController.swift; sourceTree = "<group>"; };
		DC2C0BD523B4B0BB0008AA12 /* Base */ = {isa = PBXFileReference; lastKnownFileType = file.storyboard; name = Base; path = Base.lproj/Main.storyboard; sourceTree = "<group>"; };
		DC2C0BD723B4B0BD0008AA12 /* Assets.xcassets */ = {isa = PBXFileReference; lastKnownFileType = folder.assetcatalog; path = Assets.xcassets; sourceTree = "<group>"; };
		DC2C0BDA23B4B0BD0008AA12 /* Base */ = {isa = PBXFileReference; lastKnownFileType = file.storyboard; name = Base; path = Base.lproj/LaunchScreen.storyboard; sourceTree = "<group>"; };
		DC2C0BDC23B4B0BD0008AA12 /* Info.plist */ = {isa = PBXFileReference; lastKnownFileType = text.plist.xml; path = Info.plist; sourceTree = "<group>"; };
		DC2C0BE123B4B0BD0008AA12 /* FakeYelpTests.xctest */ = {isa = PBXFileReference; explicitFileType = wrapper.cfbundle; includeInIndex = 0; path = FakeYelpTests.xctest; sourceTree = BUILT_PRODUCTS_DIR; };
		DC2C0BE523B4B0BD0008AA12 /* FakeYelpTests.swift */ = {isa = PBXFileReference; lastKnownFileType = sourcecode.swift; path = FakeYelpTests.swift; sourceTree = "<group>"; };
		DC2C0BE723B4B0BD0008AA12 /* Info.plist */ = {isa = PBXFileReference; lastKnownFileType = text.plist.xml; path = Info.plist; sourceTree = "<group>"; };
		DCA1B22D23B7615F00C2E065 /* RatingControl.swift */ = {isa = PBXFileReference; lastKnownFileType = sourcecode.swift; name = RatingControl.swift; path = ../../../../stephen/Desktop/FakeYelp/FakeYelp/RatingControl.swift; sourceTree = "<group>"; };
		DCD5B0BD23B846CC00A89806 /* Meal.swift */ = {isa = PBXFileReference; lastKnownFileType = sourcecode.swift; name = Meal.swift; path = ../../../../stephen/Desktop/FakeYelp/FakeYelp/Meal.swift; sourceTree = "<group>"; };
		DCD5B0BF23B89D3B00A89806 /* MealTableViewCell.swift */ = {isa = PBXFileReference; lastKnownFileType = sourcecode.swift; name = MealTableViewCell.swift; path = ../../../../stephen/Desktop/FakeYelp/FakeYelp/MealTableViewCell.swift; sourceTree = "<group>"; };
		DCD5B0C123B8A24A00A89806 /* MealTableViewController.swift */ = {isa = PBXFileReference; lastKnownFileType = sourcecode.swift; name = MealTableViewController.swift; path = ../../../../stephen/Desktop/FakeYelp/FakeYelp/MealTableViewController.swift; sourceTree = "<group>"; };
/* End PBXFileReference section */

/* Begin PBXFrameworksBuildPhase section */
		DC2C0BC823B4B0BB0008AA12 /* Frameworks */ = {
			isa = PBXFrameworksBuildPhase;
			buildActionMask = 2147483647;
			files = (
			);
			runOnlyForDeploymentPostprocessing = 0;
		};
		DC2C0BDE23B4B0BD0008AA12 /* Frameworks */ = {
			isa = PBXFrameworksBuildPhase;
			buildActionMask = 2147483647;
			files = (
			);
			runOnlyForDeploymentPostprocessing = 0;
		};
/* End PBXFrameworksBuildPhase section */

/* Begin PBXGroup section */
		DC2C0BC223B4B0BB0008AA12 = {
			isa = PBXGroup;
			children = (
				DC2C0BCD23B4B0BB0008AA12 /* FakeYelp */,
				DC2C0BE423B4B0BD0008AA12 /* FakeYelpTests */,
				DC2C0BCC23B4B0BB0008AA12 /* Products */,
			);
			sourceTree = "<group>";
		};
		DC2C0BCC23B4B0BB0008AA12 /* Products */ = {
			isa = PBXGroup;
			children = (
				DC2C0BCB23B4B0BB0008AA12 /* FakeYelp.app */,
				DC2C0BE123B4B0BD0008AA12 /* FakeYelpTests.xctest */,
			);
			name = Products;
			sourceTree = "<group>";
		};
		DC2C0BCD23B4B0BB0008AA12 /* FakeYelp */ = {
			isa = PBXGroup;
			children = (
				DC2C0BCE23B4B0BB0008AA12 /* AppDelegate.swift */,
				DC2C0BD023B4B0BB0008AA12 /* SceneDelegate.swift */,
				DC2C0BD223B4B0BB0008AA12 /* MealViewController.swift */,
				DCA1B22D23B7615F00C2E065 /* RatingControl.swift */,
				DCD5B0BD23B846CC00A89806 /* Meal.swift */,
				DCD5B0BF23B89D3B00A89806 /* MealTableViewCell.swift */,
				DCD5B0C123B8A24A00A89806 /* MealTableViewController.swift */,
				DC2C0BD423B4B0BB0008AA12 /* Main.storyboard */,
				DC2C0BD723B4B0BD0008AA12 /* Assets.xcassets */,
				DC2C0BD923B4B0BD0008AA12 /* LaunchScreen.storyboard */,
				DC2C0BDC23B4B0BD0008AA12 /* Info.plist */,
			);
			path = FakeYelp;
			sourceTree = "<group>";
		};
		DC2C0BE423B4B0BD0008AA12 /* FakeYelpTests */ = {
			isa = PBXGroup;
			children = (
				DC2C0BE523B4B0BD0008AA12 /* FakeYelpTests.swift */,
				DC2C0BE723B4B0BD0008AA12 /* Info.plist */,
			);
			path = FakeYelpTests;
			sourceTree = "<group>";
		};
/* End PBXGroup section */

/* Begin PBXNativeTarget section */
		DC2C0BCA23B4B0BB0008AA12 /* FakeYelp */ = {
			isa = PBXNativeTarget;
			buildConfigurationList = DC2C0BEA23B4B0BD0008AA12 /* Build configuration list for PBXNativeTarget "FakeYelp" */;
			buildPhases = (
				DC2C0BC723B4B0BB0008AA12 /* Sources */,
				DC2C0BC823B4B0BB0008AA12 /* Frameworks */,
				DC2C0BC923B4B0BB0008AA12 /* Resources */,
			);
			buildRules = (
			);
			dependencies = (
			);
			name = FakeYelp;
			productName = FakeYelp;
			productReference = DC2C0BCB23B4B0BB0008AA12 /* FakeYelp.app */;
			productType = "com.apple.product-type.application";
		};
		DC2C0BE023B4B0BD0008AA12 /* FakeYelpTests */ = {
			isa = PBXNativeTarget;
			buildConfigurationList = DC2C0BED23B4B0BD0008AA12 /* Build configuration list for PBXNativeTarget "FakeYelpTests" */;
			buildPhases = (
				DC2C0BDD23B4B0BD0008AA12 /* Sources */,
				DC2C0BDE23B4B0BD0008AA12 /* Frameworks */,
				DC2C0BDF23B4B0BD0008AA12 /* Resources */,
			);
			buildRules = (
			);
			dependencies = (
				DC2C0BE323B4B0BD0008AA12 /* PBXTargetDependency */,
			);
			name = FakeYelpTests;
			productName = FakeYelpTests;
			productReference = DC2C0BE123B4B0BD0008AA12 /* FakeYelpTests.xctest */;
			productType = "com.apple.product-type.bundle.unit-test";
		};
/* End PBXNativeTarget section */

/* Begin PBXProject section */
		DC2C0BC323B4B0BB0008AA12 /* Project object */ = {
			isa = PBXProject;
			attributes = {
				LastSwiftUpdateCheck = 1130;
				LastUpgradeCheck = 1130;
				ORGANIZATIONNAME = "Stephen Ma";
				TargetAttributes = {
					DC2C0BCA23B4B0BB0008AA12 = {
						CreatedOnToolsVersion = 11.3;
					};
					DC2C0BE023B4B0BD0008AA12 = {
						CreatedOnToolsVersion = 11.3;
						TestTargetID = DC2C0BCA23B4B0BB0008AA12;
					};
				};
			};
			buildConfigurationList = DC2C0BC623B4B0BB0008AA12 /* Build configuration list for PBXProject "FakeYelp" */;
			compatibilityVersion = "Xcode 9.3";
			developmentRegion = en;
			hasScannedForEncodings = 0;
			knownRegions = (
				en,
				Base,
			);
			mainGroup = DC2C0BC223B4B0BB0008AA12;
			productRefGroup = DC2C0BCC23B4B0BB0008AA12 /* Products */;
			projectDirPath = "";
			projectRoot = "";
			targets = (
				DC2C0BCA23B4B0BB0008AA12 /* FakeYelp */,
				DC2C0BE023B4B0BD0008AA12 /* FakeYelpTests */,
			);
		};
/* End PBXProject section */

/* Begin PBXResourcesBuildPhase section */
		DC2C0BC923B4B0BB0008AA12 /* Resources */ = {
			isa = PBXResourcesBuildPhase;
			buildActionMask = 2147483647;
			files = (
				DC2C0BDB23B4B0BD0008AA12 /* LaunchScreen.storyboard in Resources */,
				DC2C0BD823B4B0BD0008AA12 /* Assets.xcassets in Resources */,
				DC2C0BD623B4B0BB0008AA12 /* Main.storyboard in Resources */,
			);
			runOnlyForDeploymentPostprocessing = 0;
		};
		DC2C0BDF23B4B0BD0008AA12 /* Resources */ = {
			isa = PBXResourcesBuildPhase;
			buildActionMask = 2147483647;
			files = (
			);
			runOnlyForDeploymentPostprocessing = 0;
		};
/* End PBXResourcesBuildPhase section */

/* Begin PBXSourcesBuildPhase section */
		DC2C0BC723B4B0BB0008AA12 /* Sources */ = {
			isa = PBXSourcesBuildPhase;
			buildActionMask = 2147483647;
			files = (
				DCD5B0BE23B846CC00A89806 /* Meal.swift in Sources */,
				DC2C0BD323B4B0BB0008AA12 /* MealViewController.swift in Sources */,
				DCD5B0C223B8A24A00A89806 /* MealTableViewController.swift in Sources */,
				DCD5B0C023B89D3B00A89806 /* MealTableViewCell.swift in Sources */,
				DCA1B22E23B7615F00C2E065 /* RatingControl.swift in Sources */,
				DC2C0BCF23B4B0BB0008AA12 /* AppDelegate.swift in Sources */,
				DC2C0BD123B4B0BB0008AA12 /* SceneDelegate.swift in Sources */,
			);
			runOnlyForDeploymentPostprocessing = 0;
		};
		DC2C0BDD23B4B0BD0008AA12 /* Sources */ = {
			isa = PBXSourcesBuildPhase;
			buildActionMask = 2147483647;
			files = (
				DC2C0BE623B4B0BD0008AA12 /* FakeYelpTests.swift in Sources */,
			);
			runOnlyForDeploymentPostprocessing = 0;
		};
/* End PBXSourcesBuildPhase section */

/* Begin PBXTargetDependency section */
		DC2C0BE323B4B0BD0008AA12 /* PBXTargetDependency */ = {
			isa = PBXTargetDependency;
			target = DC2C0BCA23B4B0BB0008AA12 /* FakeYelp */;
			targetProxy = DC2C0BE223B4B0BD0008AA12 /* PBXContainerItemProxy */;
		};
/* End PBXTargetDependency section */

/* Begin PBXVariantGroup section */
		DC2C0BD423B4B0BB0008AA12 /* Main.storyboard */ = {
			isa = PBXVariantGroup;
			children = (
				DC2C0BD523B4B0BB0008AA12 /* Base */,
			);
			name = Main.storyboard;
			sourceTree = "<group>";
		};
		DC2C0BD923B4B0BD0008AA12 /* LaunchScreen.storyboard */ = {
			isa = PBXVariantGroup;
			children = (
				DC2C0BDA23B4B0BD0008AA12 /* Base */,
			);
			name = LaunchScreen.storyboard;
			sourceTree = "<group>";
		};
/* End PBXVariantGroup section */

/* Begin XCBuildConfiguration section */
		DC2C0BE823B4B0BD0008AA12 /* Debug */ = {
			isa = XCBuildConfiguration;
			buildSettings = {
				ALWAYS_SEARCH_USER_PATHS = NO;
				CLANG_ANALYZER_NONNULL = YES;
				CLANG_ANALYZER_NUMBER_OBJECT_CONVERSION = YES_AGGRESSIVE;
				CLANG_CXX_LANGUAGE_STANDARD = "gnu++14";
				CLANG_CXX_LIBRARY = "libc++";
				CLANG_ENABLE_MODULES = YES;
				CLANG_ENABLE_OBJC_ARC = YES;
				CLANG_ENABLE_OBJC_WEAK = YES;
				CLANG_WARN_BLOCK_CAPTURE_AUTORELEASING = YES;
				CLANG_WARN_BOOL_CONVERSION = YES;
				CLANG_WARN_COMMA = YES;
				CLANG_WARN_CONSTANT_CONVERSION = YES;
				CLANG_WARN_DEPRECATED_OBJC_IMPLEMENTATIONS = YES;
				CLANG_WARN_DIRECT_OBJC_ISA_USAGE = YES_ERROR;
				CLANG_WARN_DOCUMENTATION_COMMENTS = YES;
				CLANG_WARN_EMPTY_BODY = YES;
				CLANG_WARN_ENUM_CONVERSION = YES;
				CLANG_WARN_INFINITE_RECURSION = YES;
				CLANG_WARN_INT_CONVERSION = YES;
				CLANG_WARN_NON_LITERAL_NULL_CONVERSION = YES;
				CLANG_WARN_OBJC_IMPLICIT_RETAIN_SELF = YES;
				CLANG_WARN_OBJC_LITERAL_CONVERSION = YES;
				CLANG_WARN_OBJC_ROOT_CLASS = YES_ERROR;
				CLANG_WARN_RANGE_LOOP_ANALYSIS = YES;
				CLANG_WARN_STRICT_PROTOTYPES = YES;
				CLANG_WARN_SUSPICIOUS_MOVE = YES;
				CLANG_WARN_UNGUARDED_AVAILABILITY = YES_AGGRESSIVE;
				CLANG_WARN_UNREACHABLE_CODE = YES;
				CLANG_WARN__DUPLICATE_METHOD_MATCH = YES;
				COPY_PHASE_STRIP = NO;
				DEBUG_INFORMATION_FORMAT = dwarf;
				ENABLE_STRICT_OBJC_MSGSEND = YES;
				ENABLE_TESTABILITY = YES;
				GCC_C_LANGUAGE_STANDARD = gnu11;
				GCC_DYNAMIC_NO_PIC = NO;
				GCC_NO_COMMON_BLOCKS = YES;
				GCC_OPTIMIZATION_LEVEL = 0;
				GCC_PREPROCESSOR_DEFINITIONS = (
					"DEBUG=1",
					"$(inherited)",
				);
				GCC_WARN_64_TO_32_BIT_CONVERSION = YES;
				GCC_WARN_ABOUT_RETURN_TYPE = YES_ERROR;
				GCC_WARN_UNDECLARED_SELECTOR = YES;
				GCC_WARN_UNINITIALIZED_AUTOS = YES_AGGRESSIVE;
				GCC_WARN_UNUSED_FUNCTION = YES;
				GCC_WARN_UNUSED_VARIABLE = YES;
				IPHONEOS_DEPLOYMENT_TARGET = 13.2;
				MTL_ENABLE_DEBUG_INFO = INCLUDE_SOURCE;
				MTL_FAST_MATH = YES;
				ONLY_ACTIVE_ARCH = YES;
				SDKROOT = iphoneos;
				SWIFT_ACTIVE_COMPILATION_CONDITIONS = DEBUG;
				SWIFT_OPTIMIZATION_LEVEL = "-Onone";
			};
			name = Debug;
		};
		DC2C0BE923B4B0BD0008AA12 /* Release */ = {
			isa = XCBuildConfiguration;
			buildSettings = {
				ALWAYS_SEARCH_USER_PATHS = NO;
				CLANG_ANALYZER_NONNULL = YES;
				CLANG_ANALYZER_NUMBER_OBJECT_CONVERSION = YES_AGGRESSIVE;
				CLANG_CXX_LANGUAGE_STANDARD = "gnu++14";
				CLANG_CXX_LIBRARY = "libc++";
				CLANG_ENABLE_MODULES = YES;
				CLANG_ENABLE_OBJC_ARC = YES;
				CLANG_ENABLE_OBJC_WEAK = YES;
				CLANG_WARN_BLOCK_CAPTURE_AUTORELEASING = YES;
				CLANG_WARN_BOOL_CONVERSION = YES;
				CLANG_WARN_COMMA = YES;
				CLANG_WARN_CONSTANT_CONVERSION = YES;
				CLANG_WARN_DEPRECATED_OBJC_IMPLEMENTATIONS = YES;
				CLANG_WARN_DIRECT_OBJC_ISA_USAGE = YES_ERROR;
				CLANG_WARN_DOCUMENTATION_COMMENTS = YES;
				CLANG_WARN_EMPTY_BODY = YES;
				CLANG_WARN_ENUM_CONVERSION = YES;
				CLANG_WARN_INFINITE_RECURSION = YES;
				CLANG_WARN_INT_CONVERSION = YES;
				CLANG_WARN_NON_LITERAL_NULL_CONVERSION = YES;
				CLANG_WARN_OBJC_IMPLICIT_RETAIN_SELF = YES;
				CLANG_WARN_OBJC_LITERAL_CONVERSION = YES;
				CLANG_WARN_OBJC_ROOT_CLASS = YES_ERROR;
				CLANG_WARN_RANGE_LOOP_ANALYSIS = YES;
				CLANG_WARN_STRICT_PROTOTYPES = YES;
				CLANG_WARN_SUSPICIOUS_MOVE = YES;
				CLANG_WARN_UNGUARDED_AVAILABILITY = YES_AGGRESSIVE;
				CLANG_WARN_UNREACHABLE_CODE = YES;
				CLANG_WARN__DUPLICATE_METHOD_MATCH = YES;
				COPY_PHASE_STRIP = NO;
				DEBUG_INFORMATION_FORMAT = "dwarf-with-dsym";
				ENABLE_NS_ASSERTIONS = NO;
				ENABLE_STRICT_OBJC_MSGSEND = YES;
				GCC_C_LANGUAGE_STANDARD = gnu11;
				GCC_NO_COMMON_BLOCKS = YES;
				GCC_WARN_64_TO_32_BIT_CONVERSION = YES;
				GCC_WARN_ABOUT_RETURN_TYPE = YES_ERROR;
				GCC_WARN_UNDECLARED_SELECTOR = YES;
				GCC_WARN_UNINITIALIZED_AUTOS = YES_AGGRESSIVE;
				GCC_WARN_UNUSED_FUNCTION = YES;
				GCC_WARN_UNUSED_VARIABLE = YES;
				IPHONEOS_DEPLOYMENT_TARGET = 13.2;
				MTL_ENABLE_DEBUG_INFO = NO;
				MTL_FAST_MATH = YES;
				SDKROOT = iphoneos;
				SWIFT_COMPILATION_MODE = wholemodule;
				SWIFT_OPTIMIZATION_LEVEL = "-O";
				VALIDATE_PRODUCT = YES;
			};
			name = Release;
		};
		DC2C0BEB23B4B0BD0008AA12 /* Debug */ = {
			isa = XCBuildConfiguration;
			buildSettings = {
				ASSETCATALOG_COMPILER_APPICON_NAME = AppIcon;
				CODE_SIGN_STYLE = Automatic;
				INFOPLIST_FILE = FakeYelp/Info.plist;
				LD_RUNPATH_SEARCH_PATHS = (
					"$(inherited)",
					"@executable_path/Frameworks",
				);
				PRODUCT_BUNDLE_IDENTIFIER = "-.FakeYelp";
				PRODUCT_NAME = "$(TARGET_NAME)";
				SWIFT_VERSION = 5.0;
				TARGETED_DEVICE_FAMILY = "1,2";
			};
			name = Debug;
		};
		DC2C0BEC23B4B0BD0008AA12 /* Release */ = {
			isa = XCBuildConfiguration;
			buildSettings = {
				ASSETCATALOG_COMPILER_APPICON_NAME = AppIcon;
				CODE_SIGN_STYLE = Automatic;
				INFOPLIST_FILE = FakeYelp/Info.plist;
				LD_RUNPATH_SEARCH_PATHS = (
					"$(inherited)",
					"@executable_path/Frameworks",
				);
				PRODUCT_BUNDLE_IDENTIFIER = "-.FakeYelp";
				PRODUCT_NAME = "$(TARGET_NAME)";
				SWIFT_VERSION = 5.0;
				TARGETED_DEVICE_FAMILY = "1,2";
			};
			name = Release;
		};
		DC2C0BEE23B4B0BD0008AA12 /* Debug */ = {
			isa = XCBuildConfiguration;
			buildSettings = {
				ALWAYS_EMBED_SWIFT_STANDARD_LIBRARIES = YES;
				BUNDLE_LOADER = "$(TEST_HOST)";
				CODE_SIGN_STYLE = Automatic;
				INFOPLIST_FILE = FakeYelpTests/Info.plist;
				IPHONEOS_DEPLOYMENT_TARGET = 13.2;
				LD_RUNPATH_SEARCH_PATHS = (
					"$(inherited)",
					"@executable_path/Frameworks",
					"@loader_path/Frameworks",
				);
				PRODUCT_BUNDLE_IDENTIFIER = "-.FakeYelpTests";
				PRODUCT_NAME = "$(TARGET_NAME)";
				SWIFT_VERSION = 5.0;
				TARGETED_DEVICE_FAMILY = "1,2";
				TEST_HOST = "$(BUILT_PRODUCTS_DIR)/FakeYelp.app/FakeYelp";
			};
			name = Debug;
		};
		DC2C0BEF23B4B0BD0008AA12 /* Release */ = {
			isa = XCBuildConfiguration;
			buildSettings = {
				ALWAYS_EMBED_SWIFT_STANDARD_LIBRARIES = YES;
				BUNDLE_LOADER = "$(TEST_HOST)";
				CODE_SIGN_STYLE = Automatic;
				INFOPLIST_FILE = FakeYelpTests/Info.plist;
				IPHONEOS_DEPLOYMENT_TARGET = 13.2;
				LD_RUNPATH_SEARCH_PATHS = (
					"$(inherited)",
					"@executable_path/Frameworks",
					"@loader_path/Frameworks",
				);
				PRODUCT_BUNDLE_IDENTIFIER = "-.FakeYelpTests";
				PRODUCT_NAME = "$(TARGET_NAME)";
				SWIFT_VERSION = 5.0;
				TARGETED_DEVICE_FAMILY = "1,2";
				TEST_HOST = "$(BUILT_PRODUCTS_DIR)/FakeYelp.app/FakeYelp";
			};
			name = Release;
		};
/* End XCBuildConfiguration section */

/* Begin XCConfigurationList section */
		DC2C0BC623B4B0BB0008AA12 /* Build configuration list for PBXProject "FakeYelp" */ = {
			isa = XCConfigurationList;
			buildConfigurations = (
				DC2C0BE823B4B0BD0008AA12 /* Debug */,
				DC2C0BE923B4B0BD0008AA12 /* Release */,
			);
			defaultConfigurationIsVisible = 0;
			defaultConfigurationName = Release;
		};
		DC2C0BEA23B4B0BD0008AA12 /* Build configuration list for PBXNativeTarget "FakeYelp" */ = {
			isa = XCConfigurationList;
			buildConfigurations = (
				DC2C0BEB23B4B0BD0008AA12 /* Debug */,
				DC2C0BEC23B4B0BD0008AA12 /* Release */,
			);
			defaultConfigurationIsVisible = 0;
			defaultConfigurationName = Release;
		};
		DC2C0BED23B4B0BD0008AA12 /* Build configuration list for PBXNativeTarget "FakeYelpTests" */ = {
			isa = XCConfigurationList;
			buildConfigurations = (
				DC2C0BEE23B4B0BD0008AA12 /* Debug */,
				DC2C0BEF23B4B0BD0008AA12 /* Release */,
			);
			defaultConfigurationIsVisible = 0;
			defaultConfigurationName = Release;
		};
/* End XCConfigurationList section */
	};
	rootObject = DC2C0BC323B4B0BB0008AA12 /* Project object */;
}
